
Microsoft Visual Studio Solution File, Format Version 12.00
Project("{FAE04EC0-301F-11D3-BF4B-00C04F79EFBC}") = "Api.Rtt", "Api.Rtt\Api.Rtt.csproj", "{1A8232C6-9BEC-4B7E-A873-6B4449B7E202}"
EndProject
Project("{FAE04EC0-301F-11D3-BF4B-00C04F79EFBC}") = "Api.Rtt.Test", "Api.Rtt.Test\Api.Rtt.Test.csproj", "{39EDB7BD-F590-4B1A-86CC-A5643F441DD5}"
EndProject
Global
	GlobalSection(SolutionConfigurationPlatforms) = preSolution
		Debug|Any CPU = Debug|Any CPU
		Release|Any CPU = Release|Any CPU
	EndGlobalSection
	GlobalSection(ProjectConfigurationPlatforms) = postSolution
		{1A8232C6-9BEC-4B7E-A873-6B4449B7E202}.Debug|Any CPU.ActiveCfg = Debug|Any CPU
		{1A8232C6-9BEC-4B7E-A873-6B4449B7E202}.Debug|Any CPU.Build.0 = Debug|Any CPU
		{1A8232C6-9BEC-4B7E-A873-6B4449B7E202}.Release|Any CPU.ActiveCfg = Release|Any CPU
		{1A8232C6-9BEC-4B7E-A873-6B4449B7E202}.Release|Any CPU.Build.0 = Release|Any CPU
		{39EDB7BD-F590-4B1A-86CC-A5643F441DD5}.Debug|Any CPU.ActiveCfg = Debug|Any CPU
		{39EDB7BD-F590-4B1A-86CC-A5643F441DD5}.Debug|Any CPU.Build.0 = Debug|Any CPU
		{39EDB7BD-F590-4B1A-86CC-A5643F441DD5}.Release|Any CPU.ActiveCfg = Release|Any CPU
		{39EDB7BD-F590-4B1A-86CC-A5643F441DD5}.Release|Any CPU.Build.0 = Release|Any CPU
	EndGlobalSection
EndGlobal
